
Microsoft Visual Studio Solution File, Format Version 12.00
# Visual Studio Version 17
VisualStudioVersion = 17.3.32825.248
MinimumVisualStudioVersion = 10.0.40219.1
Project("{FAE04EC0-301F-11D3-BF4B-00C04F79EFBC}") = "sistemaDual", "sistemaDual\sistemaDual.csproj", "{74EFA805-D762-492E-98FE-7C3BB3A84B87}"
EndProject
Global
	GlobalSection(SolutionConfigurationPlatforms) = preSolution
		Debug|Any CPU = Debug|Any CPU
		Release|Any CPU = Release|Any CPU
	EndGlobalSection
	GlobalSection(ProjectConfigurationPlatforms) = postSolution
		{74EFA805-D762-492E-98FE-7C3BB3A84B87}.Debug|Any CPU.ActiveCfg = Debug|Any CPU
		{74EFA805-D762-492E-98FE-7C3BB3A84B87}.Debug|Any CPU.Build.0 = Debug|Any CPU
		{74EFA805-D762-492E-98FE-7C3BB3A84B87}.Release|Any CPU.ActiveCfg = Release|Any CPU
		{74EFA805-D762-492E-98FE-7C3BB3A84B87}.Release|Any CPU.Build.0 = Release|Any CPU
	EndGlobalSection
	GlobalSection(SolutionProperties) = preSolution
		HideSolutionNode = FALSE
	EndGlobalSection
	GlobalSection(ExtensibilityGlobals) = postSolution
		SolutionGuid = {2E0FAC60-CFA7-4AF0-9D70-7D58DA74E2D1}
	EndGlobalSection
EndGlobal
